
Microsoft Visual Studio Solution File, Format Version 12.00
# Visual Studio Version 17
VisualStudioVersion = 17.9.34622.214
MinimumVisualStudioVersion = 10.0.40219.1
Project("{2150E333-8FDC-42A3-9474-1A3956D46DE8}") = "src", "src", "{0EFB8428-DA55-4C47-ACFB-A7F5709B2233}"
EndProject
Project("{2150E333-8FDC-42A3-9474-1A3956D46DE8}") = "Service", "Service", "{C85BCF74-137F-4D33-990C-7AC8722D3CA3}"
EndProject
Project("{FAE04EC0-301F-11D3-BF4B-00C04F79EFBC}") = "Crud", "src\Crud\Crud.csproj", "{2ADA2F1A-D3E7-401C-BB0A-01812AA3D9C2}"
EndProject
Global
	GlobalSection(SolutionConfigurationPlatforms) = preSolution
		Debug|Any CPU = Debug|Any CPU
		Release|Any CPU = Release|Any CPU
	EndGlobalSection
	GlobalSection(ProjectConfigurationPlatforms) = postSolution
		{2ADA2F1A-D3E7-401C-BB0A-01812AA3D9C2}.Debug|Any CPU.ActiveCfg = Debug|Any CPU
		{2ADA2F1A-D3E7-401C-BB0A-01812AA3D9C2}.Debug|Any CPU.Build.0 = Debug|Any CPU
		{2ADA2F1A-D3E7-401C-BB0A-01812AA3D9C2}.Release|Any CPU.ActiveCfg = Release|Any CPU
		{2ADA2F1A-D3E7-401C-BB0A-01812AA3D9C2}.Release|Any CPU.Build.0 = Release|Any CPU
	EndGlobalSection
	GlobalSection(SolutionProperties) = preSolution
		HideSolutionNode = FALSE
	EndGlobalSection
	GlobalSection(NestedProjects) = preSolution
		{C85BCF74-137F-4D33-990C-7AC8722D3CA3} = {0EFB8428-DA55-4C47-ACFB-A7F5709B2233}
		{2ADA2F1A-D3E7-401C-BB0A-01812AA3D9C2} = {C85BCF74-137F-4D33-990C-7AC8722D3CA3}
	EndGlobalSection
	GlobalSection(ExtensibilityGlobals) = postSolution
		SolutionGuid = {F97762E7-9989-4C4B-B2D5-53B074534FBF}
	EndGlobalSection
EndGlobal
